// !$*UTF8*$!
{
	archiveVersion = 1;
	classes = {
	};
	objectVersion = 50;
	objects = {

/* Begin PBXBuildFile section */
		6F743256266CB72800B7EF39 /* AppDelegate.swift in Sources */ = {isa = PBXBuildFile; fileRef = 6F743255266CB72800B7EF39 /* AppDelegate.swift */; };
		6F743258266CB72800B7EF39 /* SceneDelegate.swift in Sources */ = {isa = PBXBuildFile; fileRef = 6F743257266CB72800B7EF39 /* SceneDelegate.swift */; };
		6F74325D266CB72800B7EF39 /* Main.storyboard in Resources */ = {isa = PBXBuildFile; fileRef = 6F74325B266CB72800B7EF39 /* Main.storyboard */; };
		6F74325F266CB72B00B7EF39 /* Assets.xcassets in Resources */ = {isa = PBXBuildFile; fileRef = 6F74325E266CB72B00B7EF39 /* Assets.xcassets */; };
		6F743262266CB72B00B7EF39 /* LaunchScreen.storyboard in Resources */ = {isa = PBXBuildFile; fileRef = 6F743260266CB72B00B7EF39 /* LaunchScreen.storyboard */; };
		6F74326F266CB7CF00B7EF39 /* ServiceCustomeTableViewCell.swift in Sources */ = {isa = PBXBuildFile; fileRef = 6F74326E266CB7CF00B7EF39 /* ServiceCustomeTableViewCell.swift */; };
		6F743272266CB80000B7EF39 /* ProductServiceViewController.swift in Sources */ = {isa = PBXBuildFile; fileRef = 6F743271266CB80000B7EF39 /* ProductServiceViewController.swift */; };
		6F743275266CB83700B7EF39 /* ProductServiceViewModel.swift in Sources */ = {isa = PBXBuildFile; fileRef = 6F743274266CB83700B7EF39 /* ProductServiceViewModel.swift */; };
		6F743278266CB87E00B7EF39 /* ProductServiceModel.swift in Sources */ = {isa = PBXBuildFile; fileRef = 6F743277266CB87E00B7EF39 /* ProductServiceModel.swift */; };
/* End PBXBuildFile section */

/* Begin PBXFileReference section */
		6F743252266CB72800B7EF39 /* ProductService.app */ = {isa = PBXFileReference; explicitFileType = wrapper.application; includeInIndex = 0; path = ProductService.app; sourceTree = BUILT_PRODUCTS_DIR; };
		6F743255266CB72800B7EF39 /* AppDelegate.swift */ = {isa = PBXFileReference; lastKnownFileType = sourcecode.swift; path = AppDelegate.swift; sourceTree = "<group>"; };
		6F743257266CB72800B7EF39 /* SceneDelegate.swift */ = {isa = PBXFileReference; lastKnownFileType = sourcecode.swift; path = SceneDelegate.swift; sourceTree = "<group>"; };
		6F74325C266CB72800B7EF39 /* Base */ = {isa = PBXFileReference; lastKnownFileType = file.storyboard; name = Base; path = Base.lproj/Main.storyboard; sourceTree = "<group>"; };
		6F74325E266CB72B00B7EF39 /* Assets.xcassets */ = {isa = PBXFileReference; lastKnownFileType = folder.assetcatalog; path = Assets.xcassets; sourceTree = "<group>"; };
		6F743261266CB72B00B7EF39 /* Base */ = {isa = PBXFileReference; lastKnownFileType = file.storyboard; name = Base; path = Base.lproj/LaunchScreen.storyboard; sourceTree = "<group>"; };
		6F743263266CB72B00B7EF39 /* Info.plist */ = {isa = PBXFileReference; lastKnownFileType = text.plist.xml; path = Info.plist; sourceTree = "<group>"; };
		6F74326E266CB7CF00B7EF39 /* ServiceCustomeTableViewCell.swift */ = {isa = PBXFileReference; lastKnownFileType = sourcecode.swift; path = ServiceCustomeTableViewCell.swift; sourceTree = "<group>"; };
		6F743271266CB80000B7EF39 /* ProductServiceViewController.swift */ = {isa = PBXFileReference; lastKnownFileType = sourcecode.swift; path = ProductServiceViewController.swift; sourceTree = "<group>"; };
		6F743274266CB83700B7EF39 /* ProductServiceViewModel.swift */ = {isa = PBXFileReference; lastKnownFileType = sourcecode.swift; path = ProductServiceViewModel.swift; sourceTree = "<group>"; };
		6F743277266CB87E00B7EF39 /* ProductServiceModel.swift */ = {isa = PBXFileReference; lastKnownFileType = sourcecode.swift; path = ProductServiceModel.swift; sourceTree = "<group>"; };
/* End PBXFileReference section */

/* Begin PBXFrameworksBuildPhase section */
		6F74324F266CB72800B7EF39 /* Frameworks */ = {
			isa = PBXFrameworksBuildPhase;
			buildActionMask = 2147483647;
			files = (
			);
			runOnlyForDeploymentPostprocessing = 0;
		};
/* End PBXFrameworksBuildPhase section */

/* Begin PBXGroup section */
		6F743249266CB72800B7EF39 = {
			isa = PBXGroup;
			children = (
				6F743254266CB72800B7EF39 /* ProductService */,
				6F743253266CB72800B7EF39 /* Products */,
			);
			sourceTree = "<group>";
		};
		6F743253266CB72800B7EF39 /* Products */ = {
			isa = PBXGroup;
			children = (
				6F743252266CB72800B7EF39 /* ProductService.app */,
			);
			name = Products;
			sourceTree = "<group>";
		};
		6F743254266CB72800B7EF39 /* ProductService */ = {
			isa = PBXGroup;
			children = (
				6F74326C266CB75B00B7EF39 /* Models */,
				6F74326B266CB75100B7EF39 /* ViewModels */,
				6F74326A266CB73800B7EF39 /* Views */,
				6F743255266CB72800B7EF39 /* AppDelegate.swift */,
				6F743257266CB72800B7EF39 /* SceneDelegate.swift */,
				6F74325E266CB72B00B7EF39 /* Assets.xcassets */,
				6F743263266CB72B00B7EF39 /* Info.plist */,
			);
			path = ProductService;
			sourceTree = "<group>";
		};
		6F74326A266CB73800B7EF39 /* Views */ = {
			isa = PBXGroup;
			children = (
				6F743260266CB72B00B7EF39 /* LaunchScreen.storyboard */,
				6F74325B266CB72800B7EF39 /* Main.storyboard */,
				6F74326E266CB7CF00B7EF39 /* ServiceCustomeTableViewCell.swift */,
				6F743271266CB80000B7EF39 /* ProductServiceViewController.swift */,
			);
			path = Views;
			sourceTree = "<group>";
		};
		6F74326B266CB75100B7EF39 /* ViewModels */ = {
			isa = PBXGroup;
			children = (
				6F743274266CB83700B7EF39 /* ProductServiceViewModel.swift */,
			);
			path = ViewModels;
			sourceTree = "<group>";
		};
		6F74326C266CB75B00B7EF39 /* Models */ = {
			isa = PBXGroup;
			children = (
				6F743277266CB87E00B7EF39 /* ProductServiceModel.swift */,
			);
			path = Models;
			sourceTree = "<group>";
		};
/* End PBXGroup section */

/* Begin PBXNativeTarget section */
		6F743251266CB72800B7EF39 /* ProductService */ = {
			isa = PBXNativeTarget;
			buildConfigurationList = 6F743266266CB72B00B7EF39 /* Build configuration list for PBXNativeTarget "ProductService" */;
			buildPhases = (
				6F74324E266CB72800B7EF39 /* Sources */,
				6F74324F266CB72800B7EF39 /* Frameworks */,
				6F743250266CB72800B7EF39 /* Resources */,
			);
			buildRules = (
			);
			dependencies = (
			);
			name = ProductService;
			productName = ProductService;
			productReference = 6F743252266CB72800B7EF39 /* ProductService.app */;
			productType = "com.apple.product-type.application";
		};
/* End PBXNativeTarget section */

/* Begin PBXProject section */
		6F74324A266CB72800B7EF39 /* Project object */ = {
			isa = PBXProject;
			attributes = {
				LastSwiftUpdateCheck = 1240;
				LastUpgradeCheck = 1240;
				TargetAttributes = {
					6F743251266CB72800B7EF39 = {
						CreatedOnToolsVersion = 12.4;
					};
				};
			};
			buildConfigurationList = 6F74324D266CB72800B7EF39 /* Build configuration list for PBXProject "ProductService" */;
			compatibilityVersion = "Xcode 9.3";
			developmentRegion = en;
			hasScannedForEncodings = 0;
			knownRegions = (
				en,
				Base,
			);
			mainGroup = 6F743249266CB72800B7EF39;
			productRefGroup = 6F743253266CB72800B7EF39 /* Products */;
			projectDirPath = "";
			projectRoot = "";
			targets = (
				6F743251266CB72800B7EF39 /* ProductService */,
			);
		};
/* End PBXProject section */

/* Begin PBXResourcesBuildPhase section */
		6F743250266CB72800B7EF39 /* Resources */ = {
			isa = PBXResourcesBuildPhase;
			buildActionMask = 2147483647;
			files = (
				6F743262266CB72B00B7EF39 /* LaunchScreen.storyboard in Resources */,
				6F74325F266CB72B00B7EF39 /* Assets.xcassets in Resources */,
				6F74325D266CB72800B7EF39 /* Main.storyboard in Resources */,
			);
			runOnlyForDeploymentPostprocessing = 0;
		};
/* End PBXResourcesBuildPhase section */

/* Begin PBXSourcesBuildPhase section */
		6F74324E266CB72800B7EF39 /* Sources */ = {
			isa = PBXSourcesBuildPhase;
			buildActionMask = 2147483647;
			files = (
				6F743256266CB72800B7EF39 /* AppDelegate.swift in Sources */,
				6F743275266CB83700B7EF39 /* ProductServiceViewModel.swift in Sources */,
				6F74326F266CB7CF00B7EF39 /* ServiceCustomeTableViewCell.swift in Sources */,
				6F743272266CB80000B7EF39 /* ProductServiceViewController.swift in Sources */,
				6F743258266CB72800B7EF39 /* SceneDelegate.swift in Sources */,
				6F743278266CB87E00B7EF39 /* ProductServiceModel.swift in Sources */,
			);
			runOnlyForDeploymentPostprocessing = 0;
		};
/* End PBXSourcesBuildPhase section */

/* Begin PBXVariantGroup section */
		6F74325B266CB72800B7EF39 /* Main.storyboard */ = {
			isa = PBXVariantGroup;
			children = (
				6F74325C266CB72800B7EF39 /* Base */,
			);
			name = Main.storyboard;
			sourceTree = "<group>";
		};
		6F743260266CB72B00B7EF39 /* LaunchScreen.storyboard */ = {
			isa = PBXVariantGroup;
			children = (
				6F743261266CB72B00B7EF39 /* Base */,
			);
			name = LaunchScreen.storyboard;
			sourceTree = "<group>";
		};
/* End PBXVariantGroup section */

/* Begin XCBuildConfiguration section */
		6F743264266CB72B00B7EF39 /* Debug */ = {
			isa = XCBuildConfiguration;
			buildSettings = {
				ALWAYS_SEARCH_USER_PATHS = NO;
				CLANG_ANALYZER_NONNULL = YES;
				CLANG_ANALYZER_NUMBER_OBJECT_CONVERSION = YES_AGGRESSIVE;
				CLANG_CXX_LANGUAGE_STANDARD = "gnu++14";
				CLANG_CXX_LIBRARY = "libc++";
				CLANG_ENABLE_MODULES = YES;
				CLANG_ENABLE_OBJC_ARC = YES;
				CLANG_ENABLE_OBJC_WEAK = YES;
				CLANG_WARN_BLOCK_CAPTURE_AUTORELEASING = YES;
				CLANG_WARN_BOOL_CONVERSION = YES;
				CLANG_WARN_COMMA = YES;
				CLANG_WARN_CONSTANT_CONVERSION = YES;
				CLANG_WARN_DEPRECATED_OBJC_IMPLEMENTATIONS = YES;
				CLANG_WARN_DIRECT_OBJC_ISA_USAGE = YES_ERROR;
				CLANG_WARN_DOCUMENTATION_COMMENTS = YES;
				CLANG_WARN_EMPTY_BODY = YES;
				CLANG_WARN_ENUM_CONVERSION = YES;
				CLANG_WARN_INFINITE_RECURSION = YES;
				CLANG_WARN_INT_CONVERSION = YES;
				CLANG_WARN_NON_LITERAL_NULL_CONVERSION = YES;
				CLANG_WARN_OBJC_IMPLICIT_RETAIN_SELF = YES;
				CLANG_WARN_OBJC_LITERAL_CONVERSION = YES;
				CLANG_WARN_OBJC_ROOT_CLASS = YES_ERROR;
				CLANG_WARN_QUOTED_INCLUDE_IN_FRAMEWORK_HEADER = YES;
				CLANG_WARN_RANGE_LOOP_ANALYSIS = YES;
				CLANG_WARN_STRICT_PROTOTYPES = YES;
				CLANG_WARN_SUSPICIOUS_MOVE = YES;
				CLANG_WARN_UNGUARDED_AVAILABILITY = YES_AGGRESSIVE;
				CLANG_WARN_UNREACHABLE_CODE = YES;
				CLANG_WARN__DUPLICATE_METHOD_MATCH = YES;
				COPY_PHASE_STRIP = NO;
				DEBUG_INFORMATION_FORMAT = dwarf;
				ENABLE_STRICT_OBJC_MSGSEND = YES;
				ENABLE_TESTABILITY = YES;
				GCC_C_LANGUAGE_STANDARD = gnu11;
				GCC_DYNAMIC_NO_PIC = NO;
				GCC_NO_COMMON_BLOCKS = YES;
				GCC_OPTIMIZATION_LEVEL = 0;
				GCC_PREPROCESSOR_DEFINITIONS = (
					"DEBUG=1",
					"$(inherited)",
				);
				GCC_WARN_64_TO_32_BIT_CONVERSION = YES;
				GCC_WARN_ABOUT_RETURN_TYPE = YES_ERROR;
				GCC_WARN_UNDECLARED_SELECTOR = YES;
				GCC_WARN_UNINITIALIZED_AUTOS = YES_AGGRESSIVE;
				GCC_WARN_UNUSED_FUNCTION = YES;
				GCC_WARN_UNUSED_VARIABLE = YES;
				IPHONEOS_DEPLOYMENT_TARGET = 14.4;
				MTL_ENABLE_DEBUG_INFO = INCLUDE_SOURCE;
				MTL_FAST_MATH = YES;
				ONLY_ACTIVE_ARCH = YES;
				SDKROOT = iphoneos;
				SWIFT_ACTIVE_COMPILATION_CONDITIONS = DEBUG;
				SWIFT_OPTIMIZATION_LEVEL = "-Onone";
			};
			name = Debug;
		};
		6F743265266CB72B00B7EF39 /* Release */ = {
			isa = XCBuildConfiguration;
			buildSettings = {
				ALWAYS_SEARCH_USER_PATHS = NO;
				CLANG_ANALYZER_NONNULL = YES;
				CLANG_ANALYZER_NUMBER_OBJECT_CONVERSION = YES_AGGRESSIVE;
				CLANG_CXX_LANGUAGE_STANDARD = "gnu++14";
				CLANG_CXX_LIBRARY = "libc++";
				CLANG_ENABLE_MODULES = YES;
				CLANG_ENABLE_OBJC_ARC = YES;
				CLANG_ENABLE_OBJC_WEAK = YES;
				CLANG_WARN_BLOCK_CAPTURE_AUTORELEASING = YES;
				CLANG_WARN_BOOL_CONVERSION = YES;
				CLANG_WARN_COMMA = YES;
				CLANG_WARN_CONSTANT_CONVERSION = YES;
				CLANG_WARN_DEPRECATED_OBJC_IMPLEMENTATIONS = YES;
				CLANG_WARN_DIRECT_OBJC_ISA_USAGE = YES_ERROR;
				CLANG_WARN_DOCUMENTATION_COMMENTS = YES;
				CLANG_WARN_EMPTY_BODY = YES;
				CLANG_WARN_ENUM_CONVERSION = YES;
				CLANG_WARN_INFINITE_RECURSION = YES;
				CLANG_WARN_INT_CONVERSION = YES;
				CLANG_WARN_NON_LITERAL_NULL_CONVERSION = YES;
				CLANG_WARN_OBJC_IMPLICIT_RETAIN_SELF = YES;
				CLANG_WARN_OBJC_LITERAL_CONVERSION = YES;
				CLANG_WARN_OBJC_ROOT_CLASS = YES_ERROR;
				CLANG_WARN_QUOTED_INCLUDE_IN_FRAMEWORK_HEADER = YES;
				CLANG_WARN_RANGE_LOOP_ANALYSIS = YES;
				CLANG_WARN_STRICT_PROTOTYPES = YES;
				CLANG_WARN_SUSPICIOUS_MOVE = YES;
				CLANG_WARN_UNGUARDED_AVAILABILITY = YES_AGGRESSIVE;
				CLANG_WARN_UNREACHABLE_CODE = YES;
				CLANG_WARN__DUPLICATE_METHOD_MATCH = YES;
				COPY_PHASE_STRIP = NO;
				DEBUG_INFORMATION_FORMAT = "dwarf-with-dsym";
				ENABLE_NS_ASSERTIONS = NO;
				ENABLE_STRICT_OBJC_MSGSEND = YES;
				GCC_C_LANGUAGE_STANDARD = gnu11;
				GCC_NO_COMMON_BLOCKS = YES;
				GCC_WARN_64_TO_32_BIT_CONVERSION = YES;
				GCC_WARN_ABOUT_RETURN_TYPE = YES_ERROR;
				GCC_WARN_UNDECLARED_SELECTOR = YES;
				GCC_WARN_UNINITIALIZED_AUTOS = YES_AGGRESSIVE;
				GCC_WARN_UNUSED_FUNCTION = YES;
				GCC_WARN_UNUSED_VARIABLE = YES;
				IPHONEOS_DEPLOYMENT_TARGET = 14.4;
				MTL_ENABLE_DEBUG_INFO = NO;
				MTL_FAST_MATH = YES;
				SDKROOT = iphoneos;
				SWIFT_COMPILATION_MODE = wholemodule;
				SWIFT_OPTIMIZATION_LEVEL = "-O";
				VALIDATE_PRODUCT = YES;
			};
			name = Release;
		};
		6F743267266CB72B00B7EF39 /* Debug */ = {
			isa = XCBuildConfiguration;
			buildSettings = {
				ASSETCATALOG_COMPILER_APPICON_NAME = AppIcon;
				ASSETCATALOG_COMPILER_GLOBAL_ACCENT_COLOR_NAME = AccentColor;
				CODE_SIGN_STYLE = Automatic;
				DEVELOPMENT_TEAM = D58KD5Q6B9;
				INFOPLIST_FILE = ProductService/Info.plist;
				LD_RUNPATH_SEARCH_PATHS = (
					"$(inherited)",
					"@executable_path/Frameworks",
				);
				PRODUCT_BUNDLE_IDENTIFIER = com.eshita.ProductService;
				PRODUCT_NAME = "$(TARGET_NAME)";
				SWIFT_VERSION = 5.0;
				TARGETED_DEVICE_FAMILY = "1,2";
			};
			name = Debug;
		};
		6F743268266CB72B00B7EF39 /* Release */ = {
			isa = XCBuildConfiguration;
			buildSettings = {
				ASSETCATALOG_COMPILER_APPICON_NAME = AppIcon;
				ASSETCATALOG_COMPILER_GLOBAL_ACCENT_COLOR_NAME = AccentColor;
				CODE_SIGN_STYLE = Automatic;
				DEVELOPMENT_TEAM = D58KD5Q6B9;
				INFOPLIST_FILE = ProductService/Info.plist;
				LD_RUNPATH_SEARCH_PATHS = (
					"$(inherited)",
					"@executable_path/Frameworks",
				);
				PRODUCT_BUNDLE_IDENTIFIER = com.eshita.ProductService;
				PRODUCT_NAME = "$(TARGET_NAME)";
				SWIFT_VERSION = 5.0;
				TARGETED_DEVICE_FAMILY = "1,2";
			};
			name = Release;
		};
/* End XCBuildConfiguration section */

/* Begin XCConfigurationList section */
		6F74324D266CB72800B7EF39 /* Build configuration list for PBXProject "ProductService" */ = {
			isa = XCConfigurationList;
			buildConfigurations = (
				6F743264266CB72B00B7EF39 /* Debug */,
				6F743265266CB72B00B7EF39 /* Release */,
			);
			defaultConfigurationIsVisible = 0;
			defaultConfigurationName = Release;
		};
		6F743266266CB72B00B7EF39 /* Build configuration list for PBXNativeTarget "ProductService" */ = {
			isa = XCConfigurationList;
			buildConfigurations = (
				6F743267266CB72B00B7EF39 /* Debug */,
				6F743268266CB72B00B7EF39 /* Release */,
			);
			defaultConfigurationIsVisible = 0;
			defaultConfigurationName = Release;
		};
/* End XCConfigurationList section */
	};
	rootObject = 6F74324A266CB72800B7EF39 /* Project object */;
}
